
Microsoft Visual Studio Solution File, Format Version 12.00
# Visual Studio Version 17
VisualStudioVersion = 17.5.33530.505
MinimumVisualStudioVersion = 10.0.40219.1
Project("{FAE04EC0-301F-11D3-BF4B-00C04F79EFBC}") = "Alg_lab_2", "Alg_lab_2\Alg_lab_2.csproj", "{DE095A72-F134-49F4-97AA-B55A20E796EC}"
EndProject
Global
	GlobalSection(SolutionConfigurationPlatforms) = preSolution
		Debug|Any CPU = Debug|Any CPU
		Release|Any CPU = Release|Any CPU
	EndGlobalSection
	GlobalSection(ProjectConfigurationPlatforms) = postSolution
		{DE095A72-F134-49F4-97AA-B55A20E796EC}.Debug|Any CPU.ActiveCfg = Debug|Any CPU
		{DE095A72-F134-49F4-97AA-B55A20E796EC}.Debug|Any CPU.Build.0 = Debug|Any CPU
		{DE095A72-F134-49F4-97AA-B55A20E796EC}.Release|Any CPU.ActiveCfg = Release|Any CPU
		{DE095A72-F134-49F4-97AA-B55A20E796EC}.Release|Any CPU.Build.0 = Release|Any CPU
	EndGlobalSection
	GlobalSection(SolutionProperties) = preSolution
		HideSolutionNode = FALSE
	EndGlobalSection
	GlobalSection(ExtensibilityGlobals) = postSolution
		SolutionGuid = {79684533-D514-42E5-97D9-F11F4A0BA6F6}
	EndGlobalSection
EndGlobal
